
Microsoft Visual Studio Solution File, Format Version 12.00
# Visual Studio Version 16
VisualStudioVersion = 16.0.32602.291
MinimumVisualStudioVersion = 10.0.40219.1
Project("{FAE04EC0-301F-11D3-BF4B-00C04F79EFBC}") = "EntityProjeUygulama1", "EntityProjeUygulama1.csproj", "{BE974212-E53F-4180-A192-0C6C84E62FA0}"
EndProject
Global
	GlobalSection(SolutionConfigurationPlatforms) = preSolution
		Debug|Any CPU = Debug|Any CPU
		Release|Any CPU = Release|Any CPU
	EndGlobalSection
	GlobalSection(ProjectConfigurationPlatforms) = postSolution
		{BE974212-E53F-4180-A192-0C6C84E62FA0}.Debug|Any CPU.ActiveCfg = Debug|Any CPU
		{BE974212-E53F-4180-A192-0C6C84E62FA0}.Debug|Any CPU.Build.0 = Debug|Any CPU
		{BE974212-E53F-4180-A192-0C6C84E62FA0}.Release|Any CPU.ActiveCfg = Release|Any CPU
		{BE974212-E53F-4180-A192-0C6C84E62FA0}.Release|Any CPU.Build.0 = Release|Any CPU
	EndGlobalSection
	GlobalSection(SolutionProperties) = preSolution
		HideSolutionNode = FALSE
	EndGlobalSection
	GlobalSection(ExtensibilityGlobals) = postSolution
		SolutionGuid = {BFC5776F-065F-475B-B6F8-46B00419BB75}
	EndGlobalSection
EndGlobal
